
Microsoft Visual Studio Solution File, Format Version 12.00
# Visual Studio Version 17
VisualStudioVersion = 17.3.32929.385
MinimumVisualStudioVersion = 10.0.40219.1
Project("{9A19103F-16F7-4668-BE54-9A1E7A4F7556}") = "AbbyWeb", "AbbyWeb\AbbyWeb.csproj", "{F57AE673-F7E1-4386-A032-C680DDC1F520}"
EndProject
Global
	GlobalSection(SolutionConfigurationPlatforms) = preSolution
		Debug|Any CPU = Debug|Any CPU
		Release|Any CPU = Release|Any CPU
	EndGlobalSection
	GlobalSection(ProjectConfigurationPlatforms) = postSolution
		{F57AE673-F7E1-4386-A032-C680DDC1F520}.Debug|Any CPU.ActiveCfg = Debug|Any CPU
		{F57AE673-F7E1-4386-A032-C680DDC1F520}.Debug|Any CPU.Build.0 = Debug|Any CPU
		{F57AE673-F7E1-4386-A032-C680DDC1F520}.Release|Any CPU.ActiveCfg = Release|Any CPU
		{F57AE673-F7E1-4386-A032-C680DDC1F520}.Release|Any CPU.Build.0 = Release|Any CPU
	EndGlobalSection
	GlobalSection(SolutionProperties) = preSolution
		HideSolutionNode = FALSE
	EndGlobalSection
	GlobalSection(ExtensibilityGlobals) = postSolution
		SolutionGuid = {07E238FF-35DD-4CAD-85F7-E660256D3241}
	EndGlobalSection
EndGlobal
